<Project xmlns="http://schemas.microsoft.com/developer/msbuild/2003">
    <PropertyGroup>
        <ProjectGuid>{E0DE6D09-B7F1-4CAB-9E76-4D878B584F5C}</ProjectGuid>
        <ProjectVersion>18.5</ProjectVersion>
        <FrameworkType>VCL</FrameworkType>
        <MainSource>ORMBrServer.dpr</MainSource>
        <Base>True</Base>
        <Config Condition="'$(Config)'==''">Debug</Config>
        <Platform Condition="'$(Platform)'==''">Win32</Platform>
        <TargetedPlatforms>1</TargetedPlatforms>
        <AppType>Application</AppType>
    </PropertyGroup>
    <PropertyGroup Condition="'$(Config)'=='Base' or '$(Base)'!=''">
        <Base>true</Base>
    </PropertyGroup>
    <PropertyGroup Condition="('$(Platform)'=='Win32' and '$(Base)'=='true') or '$(Base_Win32)'!=''">
        <Base_Win32>true</Base_Win32>
        <CfgParent>Base</CfgParent>
        <Base>true</Base>
    </PropertyGroup>
    <PropertyGroup Condition="('$(Platform)'=='Win64' and '$(Base)'=='true') or '$(Base_Win64)'!=''">
        <Base_Win64>true</Base_Win64>
        <CfgParent>Base</CfgParent>
        <Base>true</Base>
    </PropertyGroup>
    <PropertyGroup Condition="'$(Config)'=='Debug' or '$(Cfg_1)'!=''">
        <Cfg_1>true</Cfg_1>
        <CfgParent>Base</CfgParent>
        <Base>true</Base>
    </PropertyGroup>
    <PropertyGroup Condition="('$(Platform)'=='Win32' and '$(Cfg_1)'=='true') or '$(Cfg_1_Win32)'!=''">
        <Cfg_1_Win32>true</Cfg_1_Win32>
        <CfgParent>Cfg_1</CfgParent>
        <Cfg_1>true</Cfg_1>
        <Base>true</Base>
    </PropertyGroup>
    <PropertyGroup Condition="'$(Config)'=='Release' or '$(Cfg_2)'!=''">
        <Cfg_2>true</Cfg_2>
        <CfgParent>Base</CfgParent>
        <Base>true</Base>
    </PropertyGroup>
    <PropertyGroup Condition="('$(Platform)'=='Win32' and '$(Cfg_2)'=='true') or '$(Cfg_2_Win32)'!=''">
        <Cfg_2_Win32>true</Cfg_2_Win32>
        <CfgParent>Cfg_2</CfgParent>
        <Cfg_2>true</Cfg_2>
        <Base>true</Base>
    </PropertyGroup>
    <PropertyGroup Condition="'$(Base)'!=''">
        <DCC_E>false</DCC_E>
        <DCC_N>false</DCC_N>
        <DCC_S>false</DCC_S>
        <DCC_F>false</DCC_F>
        <DCC_K>false</DCC_K>
        <DCC_UsePackage>RESTBackendComponents;CloudService;soaprtl;soapmidas;aurelius;RESTComponents;emsclientfiredac;FireDACIBDriver;emsclient;FireDACCommon;soapserver;FireDACCommonDriver;inet;FireDAC;FireDACSqliteDriver;$(DCC_UsePackage)</DCC_UsePackage>
        <DCC_Namespace>System;Xml;Data;Datasnap;Web;Soap;Vcl;Vcl.Imaging;Vcl.Touch;Vcl.Samples;Vcl.Shell;$(DCC_Namespace)</DCC_Namespace>
        <PostBuildEvent><![CDATA[if exist "$(BDS)\ObjRepos\en\dsrest\dsPostBuild.bat" ( call "$(BDS)\ObjRepos\en\dsrest\dsPostBuild.bat" "$(PROJECTDIR)" "$(OUTPUTDIR)" )
$(PostBuildEvent)]]></PostBuildEvent>
        <Icon_MainIcon>$(BDS)\bin\delphi_PROJECTICON.ico</Icon_MainIcon>
        <DCC_UnitSearchPath>..\..\..\Source\Core;..\..\..\Source\DBEBr\Core;..\..\..\Source\DBEBr\Drivers;..\..\..\Source\Dataset;..\..\..\Source\Objectset;..\..\..\Source\DBCBr\Core;..\..\..\Source\Criteria;$(DCC_UnitSearchPath)</DCC_UnitSearchPath>
        <Icns_MainIcns>$(BDS)\bin\delphi_PROJECTICNS.icns</Icns_MainIcns>
        <VerInfo_Locale>1046</VerInfo_Locale>
        <VerInfo_Keys>CompanyName=;FileDescription=$(MSBuildProjectName);FileVersion=1.0.0.0;InternalName=;LegalCopyright=;LegalTrademarks=;OriginalFilename=;ProgramID=com.embarcadero.$(MSBuildProjectName);ProductName=$(MSBuildProjectName);ProductVersion=1.0.0.0;Comments=</VerInfo_Keys>
        <SanitizedProjectName>ORMBrServer</SanitizedProjectName>
    </PropertyGroup>
    <PropertyGroup Condition="'$(Base_Win32)'!=''">
        <DCC_UsePackage>DBXSqliteDriver;DBXDb2Driver;vclactnband;vclFireDAC;tethering;FireDACADSDriver;JvPluginSystem;FireDACMSSQLDriver;vcltouch;JvBands;ACBr_NFe;vcldb;Intraweb;svn;JvJans;ACBr_NFeDanfeFR;ACBr_NFeDanfeESCPOS;JvDotNetCtrls;vclib;FireDACDBXDriver;ACBr_NFSeDanfseFR;vclx;ACBr_SATExtratoRL;VCLRESTComponents;vclie;fs25;bindengine;JvHMI;FireDACMySQLDriver;ACBr_PAF;ACBr_SATECFVirtual;DataSnapClient;bindcompdbx;ACBr_CTeDacteRL;ACBr_TCP;DBXSybaseASEDriver;IndyIPServer;ACBr_CTe;IndySystem;dsnapcon;ACBr_synapse;FireDACMSAccDriver;fmxFireDAC;FireDACInfxDriver;vclimg;fsADO25;Jcl;ACBr_SPEDImportar;ACBr_SPED;ACBr_MDFe;emshosting;ACBr_BoletoRL;ACBr_LFD;frxADO25;DBXOdbcDriver;FireDACTDataDriver;FMXTee;DbxCommonDriver;JvManagedThreads;ACBr_NFSeDanfseRL;xmlrtl;DataSnapNativeClient;fmxobj;frx25;JvTimeFramework;rtl;DbxClientDriver;DBXSybaseASADriver;JvSystem;JvStdCtrls;fsDB25;ACBr_Convenio115;appanalytics;IndyIPClient;bindcompvcl;TeeUI;JvDocking;JvPascalInterpreter;VclSmp;FireDACODBCDriver;JclVcl;DataSnapIndy10ServerTransport;ACBr_Boleto;DataSnapProviderClient;frxIBX25;FireDACMongoDBDriver;ACBr_SEF2;JvControls;JvPrintPreview;ACBr_MDFeDamdfeFR;ACBr_NFSe;DataSnapServerMidas;frxcs25;ZComponent;DBXInterBaseDriver;ACBr_TEFD;ZCore;ACBr_SATWS;DataSnapFireDAC;svnui;JvGlobus;frxe25;DBXMSSQLDriver;JvMM;ACBr_MDFeDamdfeRL;DatasnapConnectorsFreePascal;bindcompfmx;JvNet;DBXOracleDriver;fsIBX25;inetdb;JvAppFrm;ACBr_Diversos;ACBr_TXTComum;ACBr_GNREGuiaFR;FmxTeeUI;emsedge;fmx;fmxdae;frxDB25;ACBr_CTeDacteFR;frxTee25;JvWizards;ACBr_Ponto;dbexpress;IndyCore;ZParseSql;JvPageComps;dsnap;DataSnapCommon;fsTee25;JvDB;ACBr_PCNComum;DataSnapConnectors;ACBR_DeSTDA;ACBr_SAT;JclDeveloperTools;FireDACOracleDriver;DBXMySQLDriver;JvCmp;DBXFirebirdDriver;ACBr_Sintegra;FireDACCommonODBC;ACBr_GNRE;IndyIPCommon;JvCustom;vcl;ACBr_NFeDanfeRL;JvXPCtrls;ACBr_SATExtratoESCPOS;FireDACDb2Driver;ZDbc;TeeDB;JvCore;ACBr_Comum;JvCrypt;FireDACPgDriver;ibmonitor;FireDACASADriver;ACBr_GNREGuiaRL;JvDlgs;JvRuntimeDesign;ibxpress;Tee;DataSnapServer;ibxbindings;vclwinx;FireDACDSDriver;ACBr_OpenSSL;ACBr_DFeComum;CustomIPTransport;vcldsnap;bindcomp;ZPlain;ACBr_Serial;DBXInformixDriver;frxDBX25;frce;ACBr_BlocoX;dbxcds;ACBr_NFCeECFVirtual;adortl;ACBr_BoletoFR;dsnapxml;dbrtl;inetdbxpress;IndyProtocols;JclContainers;ACBr_MTER;fmxase;$(DCC_UsePackage)</DCC_UsePackage>
        <DCC_Namespace>Winapi;System.Win;Data.Win;Datasnap.Win;Web.Win;Soap.Win;Xml.Win;Bde;$(DCC_Namespace)</DCC_Namespace>
        <BT_BuildType>Debug</BT_BuildType>
        <VerInfo_IncludeVerInfo>true</VerInfo_IncludeVerInfo>
        <VerInfo_Keys>CompanyName=;FileDescription=$(MSBuildProjectName);FileVersion=1.0.0.0;InternalName=;LegalCopyright=;LegalTrademarks=;OriginalFilename=;ProgramID=com.embarcadero.$(MSBuildProjectName);ProductName=$(MSBuildProjectName);ProductVersion=1.0.0.0;Comments=</VerInfo_Keys>
        <VerInfo_Locale>1033</VerInfo_Locale>
        <Manifest_File>$(BDS)\bin\default_app.manifest</Manifest_File>
    </PropertyGroup>
    <PropertyGroup Condition="'$(Base_Win64)'!=''">
        <DCC_UsePackage>DBXSqliteDriver;DBXDb2Driver;vclactnband;vclFireDAC;tethering;FireDACADSDriver;FireDACMSSQLDriver;vcltouch;vcldb;Intraweb;vclib;FireDACDBXDriver;vclx;VCLRESTComponents;vclie;bindengine;FireDACMySQLDriver;DataSnapClient;bindcompdbx;DBXSybaseASEDriver;IndyIPServer;IndySystem;dsnapcon;FireDACMSAccDriver;fmxFireDAC;FireDACInfxDriver;vclimg;emshosting;DBXOdbcDriver;FireDACTDataDriver;FMXTee;DbxCommonDriver;xmlrtl;DataSnapNativeClient;fmxobj;rtl;DbxClientDriver;DBXSybaseASADriver;appanalytics;IndyIPClient;bindcompvcl;TeeUI;VclSmp;FireDACODBCDriver;DataSnapIndy10ServerTransport;DataSnapProviderClient;FireDACMongoDBDriver;DataSnapServerMidas;ZComponent;DBXInterBaseDriver;ZCore;DataSnapFireDAC;DBXMSSQLDriver;DatasnapConnectorsFreePascal;bindcompfmx;DBXOracleDriver;inetdb;FmxTeeUI;emsedge;fmx;fmxdae;dbexpress;IndyCore;ZParseSql;dsnap;DataSnapCommon;DataSnapConnectors;FireDACOracleDriver;DBXMySQLDriver;DBXFirebirdDriver;FireDACCommonODBC;IndyIPCommon;vcl;FireDACDb2Driver;ZDbc;TeeDB;FireDACPgDriver;ibmonitor;FireDACASADriver;ibxpress;Tee;DataSnapServer;ibxbindings;vclwinx;FireDACDSDriver;CustomIPTransport;vcldsnap;bindcomp;ZPlain;DBXInformixDriver;dbxcds;adortl;dsnapxml;dbrtl;inetdbxpress;IndyProtocols;fmxase;$(DCC_UsePackage)</DCC_UsePackage>
    </PropertyGroup>
    <PropertyGroup Condition="'$(Cfg_1)'!=''">
        <DCC_Define>DEBUG;$(DCC_Define)</DCC_Define>
        <DCC_DebugDCUs>true</DCC_DebugDCUs>
        <DCC_Optimize>false</DCC_Optimize>
        <DCC_GenerateStackFrames>true</DCC_GenerateStackFrames>
        <DCC_DebugInfoInExe>true</DCC_DebugInfoInExe>
        <DCC_RemoteDebug>true</DCC_RemoteDebug>
    </PropertyGroup>
    <PropertyGroup Condition="'$(Cfg_1_Win32)'!=''">
        <DCC_RemoteDebug>false</DCC_RemoteDebug>
        <AppEnableRuntimeThemes>true</AppEnableRuntimeThemes>
        <VerInfo_IncludeVerInfo>true</VerInfo_IncludeVerInfo>
        <VerInfo_Locale>1033</VerInfo_Locale>
        <AppDPIAwarenessMode>PerMonitor</AppDPIAwarenessMode>
    </PropertyGroup>
    <PropertyGroup Condition="'$(Cfg_2)'!=''">
        <DCC_LocalDebugSymbols>false</DCC_LocalDebugSymbols>
        <DCC_Define>RELEASE;$(DCC_Define)</DCC_Define>
        <DCC_SymbolReferenceInfo>0</DCC_SymbolReferenceInfo>
        <DCC_DebugInformation>0</DCC_DebugInformation>
    </PropertyGroup>
    <PropertyGroup Condition="'$(Cfg_2_Win32)'!=''">
        <AppEnableRuntimeThemes>true</AppEnableRuntimeThemes>
        <AppDPIAwarenessMode>PerMonitor</AppDPIAwarenessMode>
    </PropertyGroup>
    <ItemGroup>
        <DelphiCompile Include="$(MainSource)">
            <MainSource>MainSource</MainSource>
        </DelphiCompile>
        <DCCReference Include="uFormServer.pas">
            <Form>Form1</Form>
            <FormType>dfm</FormType>
        </DCCReference>
        <DCCReference Include="uServerModule.pas">
            <Form>ORMBr</Form>
            <FormType>dfm</FormType>
            <DesignClass>TDSServerModule</DesignClass>
        </DCCReference>
        <DCCReference Include="uServerContainer.pas">
            <Form>ServerContainer1</Form>
            <FormType>dfm</FormType>
            <DesignClass>TDataModule</DesignClass>
        </DCCReference>
        <DCCReference Include="uWebModule.pas">
            <Form>WebModule1</Form>
            <FormType>dfm</FormType>
            <DesignClass>TWebModule</DesignClass>
        </DCCReference>
        <DCCReference Include="..\..\Data\Models\ormbr.model.client.pas"/>
        <DCCReference Include="..\..\Data\Models\ormbr.model.detail.pas"/>
        <DCCReference Include="..\..\Data\Models\ormbr.model.lookup.pas"/>
        <DCCReference Include="..\..\Data\Models\ormbr.model.master.pas"/>
        <None Include="js\base64.js"/>
        <None Include="js\serverfunctionexecutor.js"/>
        <None Include="js\json2.js"/>
        <None Include="js\callbackframework.js"/>
        <None Include="js\serverfunctions.js"/>
        <None Include="js\base64-min.js"/>
        <None Include="js\json2-min.js"/>
        <None Include="js\serverfunctionexecutor-min.js"/>
        <None Include="js\callbackframework-min.js"/>
        <None Include="ModelSupport_ORMBrServer\default.txaPackage"/>
        <None Include="ModelSupport_ORMBrServer\default.txvpck"/>
        <None Include="ModelSupport_ORMBrServer\PrjServer\default.txvpck"/>
        <None Include="ModelSupport_ORMBrServer\ormbr\default.txvpck"/>
        <None Include="ModelSupport_ORMBrServer\ormbr\objectset\default.txaPackage"/>
        <None Include="ModelSupport_ORMBrServer\ormbr\objectset\default.txvpck"/>
        <None Include="ModelSupport_ORMBrServer\ormbr\objectset\bind\default.txaPackage"/>
        <None Include="ModelSupport_ORMBrServer\ormbr\objectset\bind\default.txvpck"/>
        <None Include="ModelSupport_ORMBrServer\ormbr\objectset\adapter\default.txaPackage"/>
        <None Include="ModelSupport_ORMBrServer\ormbr\objectset\adapter\default.txvpck"/>
        <None Include="ModelSupport_ORMBrServer\ormbr\objectset\abstract\default.txaPackage"/>
        <None Include="ModelSupport_ORMBrServer\ormbr\objectset\abstract\default.txvpck"/>
        <None Include="ModelSupport_ORMBrServer\ormbr\datasnap\default.txvpck"/>
        <None Include="ModelSupport_ORMBrServer\ormbr\dataset\default.txaPackage"/>
        <None Include="ModelSupport_ORMBrServer\ormbr\dataset\default.txvpck"/>
        <None Include="ModelSupport_ORMBrServer\ormbr\dataset\fields\default.txaPackage"/>
        <None Include="ModelSupport_ORMBrServer\ormbr\dataset\fields\default.txvpck"/>
        <None Include="ModelSupport_ORMBrServer\ormbr\dataset\fdmemtable\default.txvpck"/>
        <None Include="ModelSupport_ORMBrServer\ormbr\dataset\events\default.txaPackage"/>
        <None Include="ModelSupport_ORMBrServer\ormbr\dataset\events\default.txvpck"/>
        <None Include="ModelSupport_ORMBrServer\ormbr\dataset\clientdataset\default.txvpck"/>
        <None Include="ModelSupport_ORMBrServer\ormbr\dataset\bind\default.txaPackage"/>
        <None Include="ModelSupport_ORMBrServer\ormbr\dataset\bind\default.txvpck"/>
        <None Include="ModelSupport_ORMBrServer\ormbr\dataset\adapter\default.txvpck"/>
        <None Include="ModelSupport_ORMBrServer\ormbr\dataset\abstract\default.txaPackage"/>
        <None Include="ModelSupport_ORMBrServer\ormbr\dataset\abstract\default.txvpck"/>
        <None Include="ModelSupport_ORMBrServer\ormbr\container\default.txvpck"/>
        <None Include="ModelSupport_ORMBrServer\ormbr\container\objectset\default.txaPackage"/>
        <None Include="ModelSupport_ORMBrServer\ormbr\container\objectset\default.txvpck"/>
        <None Include="ModelSupport_ORMBrServer\ormbr\container\objectset\strategy\default.txaPackage"/>
        <None Include="ModelSupport_ORMBrServer\ormbr\container\objectset\strategy\default.txvpck"/>
        <None Include="ModelSupport_ORMBrServer\ormbr\container\objectset\interfaces\default.txaPackage"/>
        <None Include="ModelSupport_ORMBrServer\ormbr\container\objectset\interfaces\default.txvpck"/>
        <None Include="ModelSupport_ORMBrServer\ormbr\container\objectset\abstract\default.txaPackage"/>
        <None Include="ModelSupport_ORMBrServer\ormbr\container\objectset\abstract\default.txvpck"/>
        <None Include="ModelSupport_ORMBrServer\ormbr\container\fdmemtable\default.txvpck"/>
        <None Include="ModelSupport_ORMBrServer\ormbr\container\dataset\default.txvpck"/>
        <None Include="ModelSupport_ORMBrServer\ormbr\container\dataset\strategy\default.txvpck"/>
        <None Include="ModelSupport_ORMBrServer\ormbr\container\dataset\interfaces\default.txaPackage"/>
        <None Include="ModelSupport_ORMBrServer\ormbr\container\dataset\interfaces\default.txvpck"/>
        <None Include="ModelSupport_ORMBrServer\ormbr\container\dataset\abstract\default.txaPackage"/>
        <None Include="ModelSupport_ORMBrServer\ormbr\container\dataset\abstract\default.txvpck"/>
        <None Include="ModelSupport_ORMBrServer\ormbr\container\clientdataset\default.txvpck"/>
        <None Include="ModelSupport_ORMBrServer\uServerContainer\default.txvpck"/>
        <None Include="ModelSupport_ORMBrServer\uWebModule\default.txvpck"/>
        <None Include="ModelSupport_ORMBrServer\uServerModule\default.txvpck"/>
        <None Include="ModelSupport_ORMBrServer\ormbr\session\default.txvpck"/>
        <None Include="ModelSupport_ORMBrServer\ormbr\session\objectset\default.txvpck"/>
        <None Include="ModelSupport_ORMBrServer\ormbr\json\default.txvpck"/>
        <None Include="ModelSupport_ORMBrServer\ormbr\model\default.txvpck"/>
        <None Include="ModelSupport_ORMBrServer\ormbr\model\detail\default.txvpck"/>
        <None Include="ModelSupport_ORMBrServer\ormbr\model\lookup\default.txvpck"/>
        <None Include="ModelSupport_ORMBrServer\ormbr\model\master\default.txvpck"/>
        <None Include="ModelSupport_ORMBrServer\ormbr\model\client\default.txvpck"/>
        <None Include="ModelSupport_ORMBrServer\uFormServer\default.txvpck"/>
        <None Include="ModelSupport_ORMBrServer\ORMBrServer\default.txvpck"/>
        <None Include="ModelSupport_ORMBrServer\uServerModule\default.txaPackage"/>
        <None Include="ModelSupport_ORMBrServer\ormbr\json\default.txaPackage"/>
        <None Include="ModelSupport_ORMBrServer\ormbr\session\objectset\default.txaPackage"/>
        <None Include="ModelSupport_ORMBrServer\ORMBrServer\default.txaPackage"/>
        <None Include="ModelSupport_ORMBrServer\uServerContainer\default.txaPackage"/>
        <None Include="ModelSupport_ORMBrServer\uWebModule\default.txaPackage"/>
        <None Include="ModelSupport_ORMBrServer\ormbr\model\master\default.txaPackage"/>
        <None Include="ModelSupport_ORMBrServer\ormbr\model\client\default.txaPackage"/>
        <None Include="ModelSupport_ORMBrServer\ormbr\session\default.txaPackage"/>
        <None Include="ModelSupport_ORMBrServer\ormbr\model\lookup\default.txaPackage"/>
        <None Include="ModelSupport_ORMBrServer\ormbr\model\detail\default.txaPackage"/>
        <BuildConfiguration Include="Release">
            <Key>Cfg_2</Key>
            <CfgParent>Base</CfgParent>
        </BuildConfiguration>
        <BuildConfiguration Include="Base">
            <Key>Base</Key>
        </BuildConfiguration>
        <BuildConfiguration Include="Debug">
            <Key>Cfg_1</Key>
            <CfgParent>Base</CfgParent>
        </BuildConfiguration>
    </ItemGroup>
    <ProjectExtensions>
        <Borland.Personality>Delphi.Personality.12</Borland.Personality>
        <Borland.ProjectType>Application</Borland.ProjectType>
        <BorlandProject>
            <Delphi.Personality>
                <Excluded_Packages>
                    <Excluded_Packages Name="$(BDSBIN)\spdGov16_D10T.bpl">File c:\program files (x86)\embarcadero\studio\19.0\bin\spdGov16_D10T.bpl not found</Excluded_Packages>
                    <Excluded_Packages Name="$(BDSBIN)\dcloffice2k250.bpl">Microsoft Office 2000 Sample Automation Server Wrapper Components</Excluded_Packages>
                </Excluded_Packages>
                <Source>
                    <Source Name="MainSource">ORMBrServer.dpr</Source>
                </Source>
            </Delphi.Personality>
            <Deployment Version="3">
                <DeployFile LocalName="images\collapse.png" Configuration="Debug" Class="ProjectFile">
                    <Platform Name="Win64">
                        <RemoteDir>.\images\</RemoteDir>
                        <RemoteName>collapse.png</RemoteName>
                        <Overwrite>true</Overwrite>
                    </Platform>
                </DeployFile>
                <DeployFile LocalName="ModelSupport_ORMBrServer\ormbr\session\objectset\default.txaPackage" Configuration="Debug" Class="ProjectFile">
                    <Platform Name="Win32">
                        <RemoteDir>.\</RemoteDir>
                        <Overwrite>true</Overwrite>
                    </Platform>
                </DeployFile>
                <DeployFile LocalName="js\base64.js" Configuration="Debug" Class="ProjectFile">
                    <Platform Name="Win64">
                        <RemoteDir>.\js\</RemoteDir>
                        <RemoteName>base64.js</RemoteName>
                        <Overwrite>true</Overwrite>
                    </Platform>
                </DeployFile>
                <DeployFile LocalName="js\serverfunctioninvoker.js" Configuration="Debug" Class="ProjectFile">
                    <Platform Name="Win64">
                        <RemoteDir>.\js\</RemoteDir>
                        <RemoteName>serverfunctioninvoker.js</RemoteName>
                        <Overwrite>true</Overwrite>
                    </Platform>
                </DeployFile>
                <DeployFile LocalName="templates\reversestring.html" Configuration="Release" Class="ProjectFile">
                    <Platform Name="Win32">
                        <RemoteDir>.\templates\</RemoteDir>
                        <RemoteName>reversestring.html</RemoteName>
                        <Overwrite>true</Overwrite>
                    </Platform>
                </DeployFile>
                <DeployFile LocalName="ModelSupport_ORMBrServer\ormbr\container\objectset\strategy\default.txvpck" Configuration="Debug" Class="ProjectFile">
                    <Platform Name="Win32">
                        <RemoteDir>.\</RemoteDir>
                        <Overwrite>true</Overwrite>
                    </Platform>
                </DeployFile>
                <DeployFile LocalName="ModelSupport_ORMBrServer\ormbr\container\dataset\interfaces\default.txvpck" Configuration="Debug" Class="ProjectFile">
                    <Platform Name="Win32">
                        <RemoteDir>.\</RemoteDir>
                        <Overwrite>true</Overwrite>
                    </Platform>
                </DeployFile>
                <DeployFile LocalName="js\json2-min.js" Configuration="Debug" Class="ProjectFile">
                    <Platform Name="Win32">
                        <RemoteDir>.\js\</RemoteDir>
                        <Overwrite>true</Overwrite>
                    </Platform>
                </DeployFile>
                <DeployFile LocalName="ModelSupport_ORMBrServer\ormbr\model\master\default.txaPackage" Configuration="Debug" Class="ProjectFile">
                    <Platform Name="Win32">
                        <RemoteDir>.\</RemoteDir>
                        <Overwrite>true</Overwrite>
                    </Platform>
                </DeployFile>
                <DeployFile LocalName="ModelSupport_ORMBrServer\ormbr\json\default.txvpck" Configuration="Debug" Class="ProjectFile">
                    <Platform Name="Win32">
                        <RemoteDir>.\</RemoteDir>
                        <Overwrite>true</Overwrite>
                    </Platform>
                </DeployFile>
                <DeployFile LocalName="ModelSupport_ORMBrServer\ormbr\model\detail\default.txvpck" Configuration="Debug" Class="ProjectFile">
                    <Platform Name="Win32">
                        <RemoteDir>.\</RemoteDir>
                        <Overwrite>true</Overwrite>
                    </Platform>
                </DeployFile>
                <DeployFile LocalName="js\callbackframework-min.js" Configuration="Debug" Class="ProjectFile">
                    <Platform Name="Win64">
                        <RemoteDir>.\js\</RemoteDir>
                        <RemoteName>callbackframework-min.js</RemoteName>
                        <Overwrite>true</Overwrite>
                    </Platform>
                </DeployFile>
                <DeployFile LocalName="ModelSupport_ORMBrServer\uWebModule\default.txvpck" Configuration="Debug" Class="ProjectFile">
                    <Platform Name="Win32">
                        <RemoteDir>.\</RemoteDir>
                        <Overwrite>true</Overwrite>
                    </Platform>
                </DeployFile>
                <DeployFile LocalName="ModelSupport_ORMBrServer\ormbr\container\objectset\abstract\default.txaPackage" Configuration="Debug" Class="ProjectFile">
                    <Platform Name="Win32">
                        <RemoteDir>.\</RemoteDir>
                        <Overwrite>true</Overwrite>
                    </Platform>
                </DeployFile>
                <DeployFile LocalName="ModelSupport_ORMBrServer\ormbr\dataset\events\default.txaPackage" Configuration="Debug" Class="ProjectFile">
                    <Platform Name="Win32">
                        <RemoteDir>.\</RemoteDir>
                        <Overwrite>true</Overwrite>
                    </Platform>
                </DeployFile>
                <DeployFile LocalName="js\json2-min.js" Configuration="Release" Class="ProjectFile">
                    <Platform Name="Win32">
                        <RemoteDir>.\js\</RemoteDir>
                        <RemoteName>json2-min.js</RemoteName>
                        <Overwrite>true</Overwrite>
                    </Platform>
                </DeployFile>
                <DeployFile LocalName="ModelSupport_ORMBrServer\ormbr\objectset\adapter\default.txvpck" Configuration="Debug" Class="ProjectFile">
                    <Platform Name="Win32">
                        <RemoteDir>.\</RemoteDir>
                        <Overwrite>true</Overwrite>
                    </Platform>
                </DeployFile>
                <DeployFile LocalName="js\connection.js" Configuration="Release" Class="ProjectFile">
                    <Platform Name="Win64">
                        <RemoteDir>.\js\</RemoteDir>
                        <RemoteName>connection.js</RemoteName>
                        <Overwrite>true</Overwrite>
                    </Platform>
                </DeployFile>
                <DeployFile LocalName="js\serverfunctionexecutor.js" Configuration="Debug" Class="ProjectFile">
                    <Platform Name="Win64">
                        <RemoteDir>.\js\</RemoteDir>
                        <RemoteName>serverfunctionexecutor.js</RemoteName>
                        <Overwrite>true</Overwrite>
                    </Platform>
                </DeployFile>
                <DeployFile LocalName="ModelSupport_ORMBrServer\ormbr\dataset\clientdataset\default.txvpck" Configuration="Debug" Class="ProjectFile">
                    <Platform Name="Win32">
                        <RemoteDir>.\</RemoteDir>
                        <Overwrite>true</Overwrite>
                    </Platform>
                </DeployFile>
                <DeployFile LocalName="ModelSupport_ORMBrServer\uFormServer\default.txvpck" Configuration="Debug" Class="ProjectFile">
                    <Platform Name="Win32">
                        <RemoteDir>.\</RemoteDir>
                        <Overwrite>true</Overwrite>
                    </Platform>
                </DeployFile>
                <DeployFile LocalName="js\base64-min.js" Configuration="Debug" Class="ProjectFile">
                    <Platform Name="Win64">
                        <RemoteDir>.\js\</RemoteDir>
                        <RemoteName>base64-min.js</RemoteName>
                        <Overwrite>true</Overwrite>
                    </Platform>
                </DeployFile>
                <DeployFile LocalName="ModelSupport_ORMBrServer\uServerContainer\default.txvpck" Configuration="Debug" Class="ProjectFile">
                    <Platform Name="Win32">
                        <RemoteDir>.\</RemoteDir>
                        <Overwrite>true</Overwrite>
                    </Platform>
                </DeployFile>
                <DeployFile LocalName="ModelSupport_ORMBrServer\ormbr\model\master\default.txvpck" Configuration="Debug" Class="ProjectFile">
                    <Platform Name="Win32">
                        <RemoteDir>.\</RemoteDir>
                        <Overwrite>true</Overwrite>
                    </Platform>
                </DeployFile>
                <DeployFile LocalName="ModelSupport_ORMBrServer\ormbr\dataset\fields\default.txvpck" Configuration="Debug" Class="ProjectFile">
                    <Platform Name="Win32">
                        <RemoteDir>.\</RemoteDir>
                        <Overwrite>true</Overwrite>
                    </Platform>
                </DeployFile>
                <DeployFile LocalName="ModelSupport_ORMBrServer\ormbr\container\objectset\default.txaPackage" Configuration="Debug" Class="ProjectFile">
                    <Platform Name="Win32">
                        <RemoteDir>.\</RemoteDir>
                        <Overwrite>true</Overwrite>
                    </Platform>
                </DeployFile>
                <DeployFile LocalName="ModelSupport_ORMBrServer\uServerContainer\default.txaPackage" Configuration="Debug" Class="ProjectFile">
                    <Platform Name="Win32">
                        <RemoteDir>.\</RemoteDir>
                        <Overwrite>true</Overwrite>
                    </Platform>
                </DeployFile>
                <DeployFile LocalName="ModelSupport_ORMBrServer\ormbr\json\default.txaPackage" Configuration="Debug" Class="ProjectFile">
                    <Platform Name="Win32">
                        <RemoteDir>.\</RemoteDir>
                        <Overwrite>true</Overwrite>
                    </Platform>
                </DeployFile>
                <DeployFile LocalName="ModelSupport_ORMBrServer\ormbr\objectset\abstract\default.txvpck" Configuration="Debug" Class="ProjectFile">
                    <Platform Name="Win32">
                        <RemoteDir>.\</RemoteDir>
                        <Overwrite>true</Overwrite>
                    </Platform>
                </DeployFile>
                <DeployFile LocalName="ModelSupport_ORMBrServer\ormbr\dataset\default.txaPackage" Configuration="Debug" Class="ProjectFile">
                    <Platform Name="Win32">
                        <RemoteDir>.\</RemoteDir>
                        <Overwrite>true</Overwrite>
                    </Platform>
                </DeployFile>
                <DeployFile LocalName="ModelSupport_ORMBrServer\ormbr\dataset\adapter\default.txvpck" Configuration="Debug" Class="ProjectFile">
                    <Platform Name="Win32">
                        <RemoteDir>.\</RemoteDir>
                        <Overwrite>true</Overwrite>
                    </Platform>
                </DeployFile>
                <DeployFile LocalName="ModelSupport_ORMBrServer\ormbr\model\detail\default.txaPackage" Configuration="Debug" Class="ProjectFile">
                    <Platform Name="Win32">
                        <RemoteDir>.\</RemoteDir>
                        <Overwrite>true</Overwrite>
                    </Platform>
                </DeployFile>
                <DeployFile LocalName="js\base64-min.js" Configuration="Release" Class="ProjectFile">
                    <Platform Name="Win64">
                        <RemoteDir>.\js\</RemoteDir>
                        <RemoteName>base64-min.js</RemoteName>
                        <Overwrite>true</Overwrite>
                    </Platform>
                </DeployFile>
                <DeployFile LocalName="js\callbackframework.js" Configuration="Debug" Class="ProjectFile">
                    <Platform Name="Win64">
                        <RemoteDir>.\js\</RemoteDir>
                        <RemoteName>callbackframework.js</RemoteName>
                        <Overwrite>true</Overwrite>
                    </Platform>
                </DeployFile>
                <DeployFile LocalName="js\callbackframework-min.js" Configuration="Release" Class="ProjectFile">
                    <Platform Name="Win32">
                        <RemoteDir>.\js\</RemoteDir>
                        <RemoteName>callbackframework-min.js</RemoteName>
                        <Overwrite>true</Overwrite>
                    </Platform>
                </DeployFile>
                <DeployFile LocalName="ModelSupport_ORMBrServer\ormbr\dataset\abstract\default.txaPackage" Configuration="Debug" Class="ProjectFile">
                    <Platform Name="Win32">
                        <RemoteDir>.\</RemoteDir>
                        <Overwrite>true</Overwrite>
                    </Platform>
                </DeployFile>
                <DeployFile LocalName="ModelSupport_ORMBrServer\ormbr\dataset\abstract\default.txvpck" Configuration="Debug" Class="ProjectFile">
                    <Platform Name="Win32">
                        <RemoteDir>.\</RemoteDir>
                        <Overwrite>true</Overwrite>
                    </Platform>
                </DeployFile>
                <DeployFile LocalName="css\main.css" Configuration="Debug" Class="ProjectFile">
                    <Platform Name="Win64">
                        <RemoteDir>.\css\</RemoteDir>
                        <RemoteName>main.css</RemoteName>
                        <Overwrite>true</Overwrite>
                    </Platform>
                </DeployFile>
                <DeployFile LocalName="images\expand.png" Configuration="Release" Class="ProjectFile">
                    <Platform Name="Win32">
                        <RemoteDir>.\images\</RemoteDir>
                        <RemoteName>expand.png</RemoteName>
                        <Overwrite>true</Overwrite>
                    </Platform>
                </DeployFile>
                <DeployFile LocalName="ModelSupport_ORMBrServer\ORMBrServer\default.txvpck" Configuration="Debug" Class="ProjectFile">
                    <Platform Name="Win32">
                        <RemoteDir>.\</RemoteDir>
                        <Overwrite>true</Overwrite>
                    </Platform>
                </DeployFile>
                <DeployFile LocalName="js\callbackframework-min.js" Configuration="Release" Class="ProjectFile">
                    <Platform Name="Win64">
                        <RemoteDir>.\js\</RemoteDir>
                        <RemoteName>callbackframework-min.js</RemoteName>
                        <Overwrite>true</Overwrite>
                    </Platform>
                </DeployFile>
                <DeployFile LocalName="js\base64-min.js" Configuration="Release" Class="ProjectFile">
                    <Platform Name="Win32">
                        <RemoteDir>.\js\</RemoteDir>
                        <RemoteName>base64-min.js</RemoteName>
                        <Overwrite>true</Overwrite>
                    </Platform>
                </DeployFile>
                <DeployFile LocalName="ModelSupport_ORMBrServer\ormbr\objectset\bind\default.txaPackage" Configuration="Debug" Class="ProjectFile">
                    <Platform Name="Win32">
                        <RemoteDir>.\</RemoteDir>
                        <Overwrite>true</Overwrite>
                    </Platform>
                </DeployFile>
                <DeployFile LocalName="ModelSupport_ORMBrServer\default.txvpck" Configuration="Debug" Class="ProjectFile">
                    <Platform Name="Win32">
                        <RemoteDir>.\</RemoteDir>
                        <Overwrite>true</Overwrite>
                    </Platform>
                </DeployFile>
                <DeployFile LocalName="css\serverfunctioninvoker.css" Configuration="Release" Class="ProjectFile">
                    <Platform Name="Win64">
                        <RemoteDir>.\css\</RemoteDir>
                        <RemoteName>serverfunctioninvoker.css</RemoteName>
                        <Overwrite>true</Overwrite>
                    </Platform>
                </DeployFile>
                <DeployFile LocalName="ModelSupport_ORMBrServer\ormbr\container\objectset\default.txvpck" Configuration="Debug" Class="ProjectFile">
                    <Platform Name="Win32">
                        <RemoteDir>.\</RemoteDir>
                        <Overwrite>true</Overwrite>
                    </Platform>
                </DeployFile>
                <DeployFile LocalName="ModelSupport_ORMBrServer\ormbr\container\objectset\interfaces\default.txvpck" Configuration="Debug" Class="ProjectFile">
                    <Platform Name="Win32">
                        <RemoteDir>.\</RemoteDir>
                        <Overwrite>true</Overwrite>
                    </Platform>
                </DeployFile>
                <DeployFile LocalName="js\callbackframework.js" Configuration="Debug" Class="ProjectFile">
                    <Platform Name="Win32">
                        <RemoteDir>.\js\</RemoteDir>
                        <Overwrite>true</Overwrite>
                    </Platform>
                </DeployFile>
                <DeployFile LocalName="ModelSupport_ORMBrServer\ormbr\container\objectset\strategy\default.txaPackage" Configuration="Debug" Class="ProjectFile">
                    <Platform Name="Win32">
                        <RemoteDir>.\</RemoteDir>
                        <Overwrite>true</Overwrite>
                    </Platform>
                </DeployFile>
                <DeployFile LocalName="ModelSupport_ORMBrServer\uServerModule\default.txaPackage" Configuration="Debug" Class="ProjectFile">
                    <Platform Name="Win32">
                        <RemoteDir>.\</RemoteDir>
                        <Overwrite>true</Overwrite>
                    </Platform>
                </DeployFile>
                <DeployFile LocalName="js\serverfunctioninvoker.js" Configuration="Release" Class="ProjectFile">
                    <Platform Name="Win32">
                        <RemoteDir>.\js\</RemoteDir>
                        <RemoteName>serverfunctioninvoker.js</RemoteName>
                        <Overwrite>true</Overwrite>
                    </Platform>
                </DeployFile>
                <DeployFile LocalName="ModelSupport_ORMBrServer\PrjServer\default.txvpck" Configuration="Debug" Class="ProjectFile">
                    <Platform Name="Win32">
                        <RemoteDir>.\</RemoteDir>
                        <Overwrite>true</Overwrite>
                    </Platform>
                </DeployFile>
                <DeployFile LocalName="js\serverfunctioninvoker.js" Configuration="Release" Class="ProjectFile">
                    <Platform Name="Win64">
                        <RemoteDir>.\js\</RemoteDir>
                        <RemoteName>serverfunctioninvoker.js</RemoteName>
                        <Overwrite>true</Overwrite>
                    </Platform>
                </DeployFile>
                <DeployFile LocalName="images\expand.png" Configuration="Release" Class="ProjectFile">
                    <Platform Name="Win64">
                        <RemoteDir>.\images\</RemoteDir>
                        <RemoteName>expand.png</RemoteName>
                        <Overwrite>true</Overwrite>
                    </Platform>
                </DeployFile>
                <DeployFile LocalName="ModelSupport_ORMBrServer\ormbr\datasnap\default.txvpck" Configuration="Debug" Class="ProjectFile">
                    <Platform Name="Win32">
                        <RemoteDir>.\</RemoteDir>
                        <Overwrite>true</Overwrite>
                    </Platform>
                </DeployFile>
                <DeployFile LocalName="css\serverfunctioninvoker.css" Configuration="Release" Class="ProjectFile">
                    <Platform Name="Win32">
                        <RemoteDir>.\css\</RemoteDir>
                        <RemoteName>serverfunctioninvoker.css</RemoteName>
                        <Overwrite>true</Overwrite>
                    </Platform>
                </DeployFile>
                <DeployFile LocalName="js\serverfunctionexecutor-min.js" Configuration="Release" Class="ProjectFile">
                    <Platform Name="Win64">
                        <RemoteDir>.\js\</RemoteDir>
                        <RemoteName>serverfunctionexecutor-min.js</RemoteName>
                        <Overwrite>true</Overwrite>
                    </Platform>
                </DeployFile>
                <DeployFile LocalName="ModelSupport_ORMBrServer\default.txaPackage" Configuration="Debug" Class="ProjectFile">
                    <Platform Name="Win32">
                        <RemoteDir>.\</RemoteDir>
                        <Overwrite>true</Overwrite>
                    </Platform>
                </DeployFile>
                <DeployFile LocalName="js\serverfunctionexecutor-min.js" Configuration="Debug" Class="ProjectFile">
                    <Platform Name="Win64">
                        <RemoteDir>.\js\</RemoteDir>
                        <RemoteName>serverfunctionexecutor-min.js</RemoteName>
                        <Overwrite>true</Overwrite>
                    </Platform>
                </DeployFile>
                <DeployFile LocalName="ModelSupport_ORMBrServer\ormbr\container\fdmemtable\default.txvpck" Configuration="Debug" Class="ProjectFile">
                    <Platform Name="Win32">
                        <RemoteDir>.\</RemoteDir>
                        <Overwrite>true</Overwrite>
                    </Platform>
                </DeployFile>
                <DeployFile LocalName="js\connection.js" Configuration="Debug" Class="ProjectFile">
                    <Platform Name="Win64">
                        <RemoteDir>.\js\</RemoteDir>
                        <RemoteName>connection.js</RemoteName>
                        <Overwrite>true</Overwrite>
                    </Platform>
                </DeployFile>
                <DeployFile LocalName="js\serverfunctions.js" Configuration="Debug" Class="ProjectFile">
                    <Platform Name="Win64">
                        <RemoteDir>.\js\</RemoteDir>
                        <RemoteName>serverfunctions.js</RemoteName>
                        <Overwrite>true</Overwrite>
                    </Platform>
                </DeployFile>
                <DeployFile LocalName="js\serverfunctions.js" Configuration="Debug" Class="ProjectFile">
                    <Platform Name="Win32">
                        <RemoteDir>.\js\</RemoteDir>
                        <Overwrite>true</Overwrite>
                    </Platform>
                </DeployFile>
                <DeployFile LocalName="ModelSupport_ORMBrServer\ormbr\container\objectset\interfaces\default.txaPackage" Configuration="Debug" Class="ProjectFile">
                    <Platform Name="Win32">
                        <RemoteDir>.\</RemoteDir>
                        <Overwrite>true</Overwrite>
                    </Platform>
                </DeployFile>
                <DeployFile LocalName="images\collapse.png" Configuration="Release" Class="ProjectFile">
                    <Platform Name="Win64">
                        <RemoteDir>.\images\</RemoteDir>
                        <RemoteName>collapse.png</RemoteName>
                        <Overwrite>true</Overwrite>
                    </Platform>
                </DeployFile>
                <DeployFile LocalName="ModelSupport_ORMBrServer\ormbr\model\client\default.txvpck" Configuration="Debug" Class="ProjectFile">
                    <Platform Name="Win32">
                        <RemoteDir>.\</RemoteDir>
                        <Overwrite>true</Overwrite>
                    </Platform>
                </DeployFile>
                <DeployFile LocalName="ModelSupport_ORMBrServer\ormbr\objectset\abstract\default.txaPackage" Configuration="Debug" Class="ProjectFile">
                    <Platform Name="Win32">
                        <RemoteDir>.\</RemoteDir>
                        <Overwrite>true</Overwrite>
                    </Platform>
                </DeployFile>
                <DeployFile LocalName="ModelSupport_ORMBrServer\ormbr\objectset\adapter\default.txaPackage" Configuration="Debug" Class="ProjectFile">
                    <Platform Name="Win32">
                        <RemoteDir>.\</RemoteDir>
                        <Overwrite>true</Overwrite>
                    </Platform>
                </DeployFile>
                <DeployFile LocalName="js\json2.js" Configuration="Release" Class="ProjectFile">
                    <Platform Name="Win64">
                        <RemoteDir>.\js\</RemoteDir>
                        <RemoteName>json2.js</RemoteName>
                        <Overwrite>true</Overwrite>
                    </Platform>
                </DeployFile>
                <DeployFile LocalName="ModelSupport_ORMBrServer\ormbr\dataset\events\default.txvpck" Configuration="Debug" Class="ProjectFile">
                    <Platform Name="Win32">
                        <RemoteDir>.\</RemoteDir>
                        <Overwrite>true</Overwrite>
                    </Platform>
                </DeployFile>
                <DeployFile LocalName="ModelSupport_ORMBrServer\ormbr\model\default.txvpck" Configuration="Debug" Class="ProjectFile">
                    <Platform Name="Win32">
                        <RemoteDir>.\</RemoteDir>
                        <Overwrite>true</Overwrite>
                    </Platform>
                </DeployFile>
                <DeployFile LocalName="ModelSupport_ORMBrServer\ormbr\objectset\default.txaPackage" Configuration="Debug" Class="ProjectFile">
                    <Platform Name="Win32">
                        <RemoteDir>.\</RemoteDir>
                        <Overwrite>true</Overwrite>
                    </Platform>
                </DeployFile>
                <DeployFile LocalName="ModelSupport_ORMBrServer\ormbr\dataset\fdmemtable\default.txvpck" Configuration="Debug" Class="ProjectFile">
                    <Platform Name="Win32">
                        <RemoteDir>.\</RemoteDir>
                        <Overwrite>true</Overwrite>
                    </Platform>
                </DeployFile>
                <DeployFile LocalName="templates\reversestring.html" Configuration="Debug" Class="ProjectFile">
                    <Platform Name="Win64">
                        <RemoteDir>.\templates\</RemoteDir>
                        <RemoteName>reversestring.html</RemoteName>
                        <Overwrite>true</Overwrite>
                    </Platform>
                </DeployFile>
                <DeployFile LocalName="css\main.css" Configuration="Release" Class="ProjectFile">
                    <Platform Name="Win64">
                        <RemoteDir>.\css\</RemoteDir>
                        <RemoteName>main.css</RemoteName>
                        <Overwrite>true</Overwrite>
                    </Platform>
                </DeployFile>
                <DeployFile LocalName="ModelSupport_ORMBrServer\ormbr\objectset\default.txvpck" Configuration="Debug" Class="ProjectFile">
                    <Platform Name="Win32">
                        <RemoteDir>.\</RemoteDir>
                        <Overwrite>true</Overwrite>
                    </Platform>
                </DeployFile>
                <DeployFile LocalName="ModelSupport_ORMBrServer\ormbr\container\dataset\strategy\default.txvpck" Configuration="Debug" Class="ProjectFile">
                    <Platform Name="Win32">
                        <RemoteDir>.\</RemoteDir>
                        <Overwrite>true</Overwrite>
                    </Platform>
                </DeployFile>
                <DeployFile LocalName="images\expand.png" Configuration="Debug" Class="ProjectFile">
                    <Platform Name="Win64">
                        <RemoteDir>.\images\</RemoteDir>
                        <RemoteName>expand.png</RemoteName>
                        <Overwrite>true</Overwrite>
                    </Platform>
                </DeployFile>
                <DeployFile LocalName="ModelSupport_ORMBrServer\ormbr\model\client\default.txaPackage" Configuration="Debug" Class="ProjectFile">
                    <Platform Name="Win32">
                        <RemoteDir>.\</RemoteDir>
                        <Overwrite>true</Overwrite>
                    </Platform>
                </DeployFile>
                <DeployFile LocalName="js\json2.js" Configuration="Debug" Class="ProjectFile">
                    <Platform Name="Win64">
                        <RemoteDir>.\js\</RemoteDir>
                        <RemoteName>json2.js</RemoteName>
                        <Overwrite>true</Overwrite>
                    </Platform>
                </DeployFile>
                <DeployFile LocalName="js\serverfunctionexecutor.js" Configuration="Release" Class="ProjectFile">
                    <Platform Name="Win32">
                        <RemoteDir>.\js\</RemoteDir>
                        <RemoteName>serverfunctionexecutor.js</RemoteName>
                        <Overwrite>true</Overwrite>
                    </Platform>
                </DeployFile>
                <DeployFile LocalName="ModelSupport_ORMBrServer\ormbr\container\clientdataset\default.txvpck" Configuration="Debug" Class="ProjectFile">
                    <Platform Name="Win32">
                        <RemoteDir>.\</RemoteDir>
                        <Overwrite>true</Overwrite>
                    </Platform>
                </DeployFile>
                <DeployFile LocalName="ModelSupport_ORMBrServer\ormbr\model\lookup\default.txaPackage" Configuration="Debug" Class="ProjectFile">
                    <Platform Name="Win32">
                        <RemoteDir>.\</RemoteDir>
                        <Overwrite>true</Overwrite>
                    </Platform>
                </DeployFile>
                <DeployFile LocalName="js\json2.js" Configuration="Debug" Class="ProjectFile">
                    <Platform Name="Win32">
                        <RemoteDir>.\js\</RemoteDir>
                        <Overwrite>true</Overwrite>
                    </Platform>
                </DeployFile>
                <DeployFile LocalName="js\serverfunctionexecutor-min.js" Configuration="Release" Class="ProjectFile">
                    <Platform Name="Win32">
                        <RemoteDir>.\js\</RemoteDir>
                        <RemoteName>serverfunctionexecutor-min.js</RemoteName>
                        <Overwrite>true</Overwrite>
                    </Platform>
                </DeployFile>
                <DeployFile LocalName="js\json2.js" Configuration="Release" Class="ProjectFile">
                    <Platform Name="Win32">
                        <RemoteDir>.\js\</RemoteDir>
                        <RemoteName>json2.js</RemoteName>
                        <Overwrite>true</Overwrite>
                    </Platform>
                </DeployFile>
                <DeployFile LocalName="ModelSupport_ORMBrServer\ormbr\objectset\bind\default.txvpck" Configuration="Debug" Class="ProjectFile">
                    <Platform Name="Win32">
                        <RemoteDir>.\</RemoteDir>
                        <Overwrite>true</Overwrite>
                    </Platform>
                </DeployFile>
                <DeployFile LocalName="ModelSupport_ORMBrServer\ormbr\session\objectset\default.txvpck" Configuration="Debug" Class="ProjectFile">
                    <Platform Name="Win32">
                        <RemoteDir>.\</RemoteDir>
                        <Overwrite>true</Overwrite>
                    </Platform>
                </DeployFile>
                <DeployFile LocalName="js\serverfunctionexecutor.js" Configuration="Debug" Class="ProjectFile">
                    <Platform Name="Win32">
                        <RemoteDir>.\js\</RemoteDir>
                        <Overwrite>true</Overwrite>
                    </Platform>
                </DeployFile>
                <DeployFile LocalName="templates\serverfunctioninvoker.html" Configuration="Debug" Class="ProjectFile">
                    <Platform Name="Win64">
                        <RemoteDir>.\templates\</RemoteDir>
                        <RemoteName>serverfunctioninvoker.html</RemoteName>
                        <Overwrite>true</Overwrite>
                    </Platform>
                </DeployFile>
                <DeployFile LocalName="js\base64.js" Configuration="Release" Class="ProjectFile">
                    <Platform Name="Win64">
                        <RemoteDir>.\js\</RemoteDir>
                        <RemoteName>base64.js</RemoteName>
                        <Overwrite>true</Overwrite>
                    </Platform>
                </DeployFile>
                <DeployFile LocalName="js\serverfunctionexecutor.js" Configuration="Release" Class="ProjectFile">
                    <Platform Name="Win64">
                        <RemoteDir>.\js\</RemoteDir>
                        <RemoteName>serverfunctionexecutor.js</RemoteName>
                        <Overwrite>true</Overwrite>
                    </Platform>
                </DeployFile>
                <DeployFile LocalName="js\connection.js" Configuration="Release" Class="ProjectFile">
                    <Platform Name="Win32">
                        <RemoteDir>.\js\</RemoteDir>
                        <RemoteName>connection.js</RemoteName>
                        <Overwrite>true</Overwrite>
                    </Platform>
                </DeployFile>
                <DeployFile LocalName="ModelSupport_ORMBrServer\ormbr\dataset\default.txvpck" Configuration="Debug" Class="ProjectFile">
                    <Platform Name="Win32">
                        <RemoteDir>.\</RemoteDir>
                        <Overwrite>true</Overwrite>
                    </Platform>
                </DeployFile>
                <DeployFile LocalName="ModelSupport_ORMBrServer\ormbr\session\default.txaPackage" Configuration="Debug" Class="ProjectFile">
                    <Platform Name="Win32">
                        <RemoteDir>.\</RemoteDir>
                        <Overwrite>true</Overwrite>
                    </Platform>
                </DeployFile>
                <DeployFile LocalName="js\serverfunctions.js" Configuration="Release" Class="ProjectFile">
                    <Platform Name="Win64">
                        <RemoteDir>.\js\</RemoteDir>
                        <RemoteName>serverfunctions.js</RemoteName>
                        <Overwrite>true</Overwrite>
                    </Platform>
                </DeployFile>
                <DeployFile LocalName="ModelSupport_ORMBrServer\ormbr\container\objectset\abstract\default.txvpck" Configuration="Debug" Class="ProjectFile">
                    <Platform Name="Win32">
                        <RemoteDir>.\</RemoteDir>
                        <Overwrite>true</Overwrite>
                    </Platform>
                </DeployFile>
                <DeployFile LocalName="ModelSupport_ORMBrServer\ormbr\default.txvpck" Configuration="Debug" Class="ProjectFile">
                    <Platform Name="Win32">
                        <RemoteDir>.\</RemoteDir>
                        <Overwrite>true</Overwrite>
                    </Platform>
                </DeployFile>
                <DeployFile LocalName="ModelSupport_ORMBrServer\ormbr\container\default.txvpck" Configuration="Debug" Class="ProjectFile">
                    <Platform Name="Win32">
                        <RemoteDir>.\</RemoteDir>
                        <Overwrite>true</Overwrite>
                    </Platform>
                </DeployFile>
                <DeployFile LocalName="js\serverfunctions.js" Configuration="Release" Class="ProjectFile">
                    <Platform Name="Win32">
                        <RemoteDir>.\js\</RemoteDir>
                        <RemoteName>serverfunctions.js</RemoteName>
                        <Overwrite>true</Overwrite>
                    </Platform>
                </DeployFile>
                <DeployFile LocalName="templates\serverfunctioninvoker.html" Configuration="Release" Class="ProjectFile">
                    <Platform Name="Win64">
                        <RemoteDir>.\templates\</RemoteDir>
                        <RemoteName>serverfunctioninvoker.html</RemoteName>
                        <Overwrite>true</Overwrite>
                    </Platform>
                </DeployFile>
                <DeployFile LocalName="ModelSupport_ORMBrServer\ormbr\model\lookup\default.txvpck" Configuration="Debug" Class="ProjectFile">
                    <Platform Name="Win32">
                        <RemoteDir>.\</RemoteDir>
                        <Overwrite>true</Overwrite>
                    </Platform>
                </DeployFile>
                <DeployFile LocalName="ORMBrServer.exe" Configuration="Debug" Class="ProjectOutput">
                    <Platform Name="Win32">
                        <RemoteName>ORMBrServer.exe</RemoteName>
                        <Overwrite>true</Overwrite>
                    </Platform>
                </DeployFile>
                <DeployFile LocalName="ModelSupport_ORMBrServer\ormbr\container\dataset\abstract\default.txaPackage" Configuration="Debug" Class="ProjectFile">
                    <Platform Name="Win32">
                        <RemoteDir>.\</RemoteDir>
                        <Overwrite>true</Overwrite>
                    </Platform>
                </DeployFile>
                <DeployFile LocalName="js\callbackframework.js" Configuration="Release" Class="ProjectFile">
                    <Platform Name="Win32">
                        <RemoteDir>.\js\</RemoteDir>
                        <RemoteName>callbackframework.js</RemoteName>
                        <Overwrite>true</Overwrite>
                    </Platform>
                </DeployFile>
                <DeployFile LocalName="ModelSupport_ORMBrServer\ormbr\session\default.txvpck" Configuration="Debug" Class="ProjectFile">
                    <Platform Name="Win32">
                        <RemoteDir>.\</RemoteDir>
                        <Overwrite>true</Overwrite>
                    </Platform>
                </DeployFile>
                <DeployFile LocalName="js\base64.js" Configuration="Release" Class="ProjectFile">
                    <Platform Name="Win32">
                        <RemoteDir>.\js\</RemoteDir>
                        <RemoteName>base64.js</RemoteName>
                        <Overwrite>true</Overwrite>
                    </Platform>
                </DeployFile>
                <DeployFile LocalName="ModelSupport_ORMBrServer\uServerModule\default.txvpck" Configuration="Debug" Class="ProjectFile">
                    <Platform Name="Win32">
                        <RemoteDir>.\</RemoteDir>
                        <Overwrite>true</Overwrite>
                    </Platform>
                </DeployFile>
                <DeployFile LocalName="ModelSupport_ORMBrServer\ormbr\dataset\fields\default.txaPackage" Configuration="Debug" Class="ProjectFile">
                    <Platform Name="Win32">
                        <RemoteDir>.\</RemoteDir>
                        <Overwrite>true</Overwrite>
                    </Platform>
                </DeployFile>
                <DeployFile LocalName="css\serverfunctioninvoker.css" Configuration="Debug" Class="ProjectFile">
                    <Platform Name="Win64">
                        <RemoteDir>.\css\</RemoteDir>
                        <RemoteName>serverfunctioninvoker.css</RemoteName>
                        <Overwrite>true</Overwrite>
                    </Platform>
                </DeployFile>
                <DeployFile LocalName="js\json2-min.js" Configuration="Release" Class="ProjectFile">
                    <Platform Name="Win64">
                        <RemoteDir>.\js\</RemoteDir>
                        <RemoteName>json2-min.js</RemoteName>
                        <Overwrite>true</Overwrite>
                    </Platform>
                </DeployFile>
                <DeployFile LocalName="js\base64-min.js" Configuration="Debug" Class="ProjectFile">
                    <Platform Name="Win32">
                        <RemoteDir>.\js\</RemoteDir>
                        <Overwrite>true</Overwrite>
                    </Platform>
                </DeployFile>
                <DeployFile LocalName="js\json2-min.js" Configuration="Debug" Class="ProjectFile">
                    <Platform Name="Win64">
                        <RemoteDir>.\js\</RemoteDir>
                        <RemoteName>json2-min.js</RemoteName>
                        <Overwrite>true</Overwrite>
                    </Platform>
                </DeployFile>
                <DeployFile LocalName="ModelSupport_ORMBrServer\ormbr\dataset\bind\default.txaPackage" Configuration="Debug" Class="ProjectFile">
                    <Platform Name="Win32">
                        <RemoteDir>.\</RemoteDir>
                        <Overwrite>true</Overwrite>
                    </Platform>
                </DeployFile>
                <DeployFile LocalName="ModelSupport_ORMBrServer\ormbr\dataset\bind\default.txvpck" Configuration="Debug" Class="ProjectFile">
                    <Platform Name="Win32">
                        <RemoteDir>.\</RemoteDir>
                        <Overwrite>true</Overwrite>
                    </Platform>
                </DeployFile>
                <DeployFile LocalName="ModelSupport_ORMBrServer\ormbr\container\dataset\interfaces\default.txaPackage" Configuration="Debug" Class="ProjectFile">
                    <Platform Name="Win32">
                        <RemoteDir>.\</RemoteDir>
                        <Overwrite>true</Overwrite>
                    </Platform>
                </DeployFile>
                <DeployFile LocalName="ModelSupport_ORMBrServer\uWebModule\default.txaPackage" Configuration="Debug" Class="ProjectFile">
                    <Platform Name="Win32">
                        <RemoteDir>.\</RemoteDir>
                        <Overwrite>true</Overwrite>
                    </Platform>
                </DeployFile>
                <DeployFile LocalName="ModelSupport_ORMBrServer\ormbr\container\dataset\default.txvpck" Configuration="Debug" Class="ProjectFile">
                    <Platform Name="Win32">
                        <RemoteDir>.\</RemoteDir>
                        <Overwrite>true</Overwrite>
                    </Platform>
                </DeployFile>
                <DeployFile LocalName="templates\reversestring.html" Configuration="Release" Class="ProjectFile">
                    <Platform Name="Win64">
                        <RemoteDir>.\templates\</RemoteDir>
                        <RemoteName>reversestring.html</RemoteName>
                        <Overwrite>true</Overwrite>
                    </Platform>
                </DeployFile>
                <DeployFile LocalName="js\callbackframework.js" Configuration="Release" Class="ProjectFile">
                    <Platform Name="Win64">
                        <RemoteDir>.\js\</RemoteDir>
                        <RemoteName>callbackframework.js</RemoteName>
                        <Overwrite>true</Overwrite>
                    </Platform>
                </DeployFile>
                <DeployFile LocalName="ModelSupport_ORMBrServer\ormbr\container\dataset\abstract\default.txvpck" Configuration="Debug" Class="ProjectFile">
                    <Platform Name="Win32">
                        <RemoteDir>.\</RemoteDir>
                        <Overwrite>true</Overwrite>
                    </Platform>
                </DeployFile>
                <DeployFile LocalName="css\main.css" Configuration="Release" Class="ProjectFile">
                    <Platform Name="Win32">
                        <RemoteDir>.\css\</RemoteDir>
                        <RemoteName>main.css</RemoteName>
                        <Overwrite>true</Overwrite>
                    </Platform>
                </DeployFile>
                <DeployFile LocalName="images\collapse.png" Configuration="Release" Class="ProjectFile">
                    <Platform Name="Win32">
                        <RemoteDir>.\images\</RemoteDir>
                        <RemoteName>collapse.png</RemoteName>
                        <Overwrite>true</Overwrite>
                    </Platform>
                </DeployFile>
                <DeployFile LocalName="js\serverfunctionexecutor-min.js" Configuration="Debug" Class="ProjectFile">
                    <Platform Name="Win32">
                        <RemoteDir>.\js\</RemoteDir>
                        <Overwrite>true</Overwrite>
                    </Platform>
                </DeployFile>
                <DeployFile LocalName="js\callbackframework-min.js" Configuration="Debug" Class="ProjectFile">
                    <Platform Name="Win32">
                        <RemoteDir>.\js\</RemoteDir>
                        <Overwrite>true</Overwrite>
                    </Platform>
                </DeployFile>
                <DeployFile LocalName="templates\serverfunctioninvoker.html" Configuration="Release" Class="ProjectFile">
                    <Platform Name="Win32">
                        <RemoteDir>.\templates\</RemoteDir>
                        <RemoteName>serverfunctioninvoker.html</RemoteName>
                        <Overwrite>true</Overwrite>
                    </Platform>
                </DeployFile>
                <DeployFile LocalName="js\base64.js" Configuration="Debug" Class="ProjectFile">
                    <Platform Name="Win32">
                        <RemoteDir>.\js\</RemoteDir>
                        <Overwrite>true</Overwrite>
                    </Platform>
                </DeployFile>
                <DeployFile LocalName="ModelSupport_ORMBrServer\ORMBrServer\default.txaPackage" Configuration="Debug" Class="ProjectFile">
                    <Platform Name="Win32">
                        <RemoteDir>.\</RemoteDir>
                        <Overwrite>true</Overwrite>
                    </Platform>
                </DeployFile>
                <DeployClass Name="AdditionalDebugSymbols">
                    <Platform Name="iOSSimulator">
                        <Operation>1</Operation>
                    </Platform>
                    <Platform Name="OSX32">
                        <RemoteDir>Contents\MacOS</RemoteDir>
                        <Operation>1</Operation>
                    </Platform>
                    <Platform Name="Win32">
                        <RemoteDir>Contents\MacOS</RemoteDir>
                        <Operation>0</Operation>
                    </Platform>
                </DeployClass>
                <DeployClass Name="AndroidClassesDexFile">
                    <Platform Name="Android">
                        <RemoteDir>classes</RemoteDir>
                        <Operation>1</Operation>
                    </Platform>
                </DeployClass>
                <DeployClass Name="AndroidFileProvider">
                    <Platform Name="Android">
                        <RemoteDir>res\xml</RemoteDir>
                        <Operation>1</Operation>
                    </Platform>
                </DeployClass>
                <DeployClass Name="AndroidGDBServer">
                    <Platform Name="Android">
                        <RemoteDir>library\lib\armeabi-v7a</RemoteDir>
                        <Operation>1</Operation>
                    </Platform>
                </DeployClass>
                <DeployClass Name="AndroidLibnativeArmeabiFile">
                    <Platform Name="Android">
                        <RemoteDir>library\lib\armeabi</RemoteDir>
                        <Operation>1</Operation>
                    </Platform>
                </DeployClass>
                <DeployClass Name="AndroidLibnativeMipsFile">
                    <Platform Name="Android">
                        <RemoteDir>library\lib\mips</RemoteDir>
                        <Operation>1</Operation>
                    </Platform>
                </DeployClass>
                <DeployClass Name="AndroidServiceOutput">
                    <Platform Name="Android">
                        <RemoteDir>library\lib\armeabi-v7a</RemoteDir>
                        <Operation>1</Operation>
                    </Platform>
                </DeployClass>
                <DeployClass Name="AndroidSplashImageDef">
                    <Platform Name="Android">
                        <RemoteDir>res\drawable</RemoteDir>
                        <Operation>1</Operation>
                    </Platform>
                </DeployClass>
                <DeployClass Name="AndroidSplashStyles">
                    <Platform Name="Android">
                        <RemoteDir>res\values</RemoteDir>
                        <Operation>1</Operation>
                    </Platform>
                </DeployClass>
                <DeployClass Name="AndroidSplashStylesV21">
                    <Platform Name="Android">
                        <RemoteDir>res\values-v21</RemoteDir>
                        <Operation>1</Operation>
                    </Platform>
                </DeployClass>
                <DeployClass Name="Android_DefaultAppIcon">
                    <Platform Name="Android">
                        <RemoteDir>res\drawable</RemoteDir>
                        <Operation>1</Operation>
                    </Platform>
                </DeployClass>
                <DeployClass Name="Android_LauncherIcon144">
                    <Platform Name="Android">
                        <RemoteDir>res\drawable-xxhdpi</RemoteDir>
                        <Operation>1</Operation>
                    </Platform>
                </DeployClass>
                <DeployClass Name="Android_LauncherIcon36">
                    <Platform Name="Android">
                        <RemoteDir>res\drawable-ldpi</RemoteDir>
                        <Operation>1</Operation>
                    </Platform>
                </DeployClass>
                <DeployClass Name="Android_LauncherIcon48">
                    <Platform Name="Android">
                        <RemoteDir>res\drawable-mdpi</RemoteDir>
                        <Operation>1</Operation>
                    </Platform>
                </DeployClass>
                <DeployClass Name="Android_LauncherIcon72">
                    <Platform Name="Android">
                        <RemoteDir>res\drawable-hdpi</RemoteDir>
                        <Operation>1</Operation>
                    </Platform>
                </DeployClass>
                <DeployClass Name="Android_LauncherIcon96">
                    <Platform Name="Android">
                        <RemoteDir>res\drawable-xhdpi</RemoteDir>
                        <Operation>1</Operation>
                    </Platform>
                </DeployClass>
                <DeployClass Name="Android_SplashImage426">
                    <Platform Name="Android">
                        <RemoteDir>res\drawable-small</RemoteDir>
                        <Operation>1</Operation>
                    </Platform>
                </DeployClass>
                <DeployClass Name="Android_SplashImage470">
                    <Platform Name="Android">
                        <RemoteDir>res\drawable-normal</RemoteDir>
                        <Operation>1</Operation>
                    </Platform>
                </DeployClass>
                <DeployClass Name="Android_SplashImage640">
                    <Platform Name="Android">
                        <RemoteDir>res\drawable-large</RemoteDir>
                        <Operation>1</Operation>
                    </Platform>
                </DeployClass>
                <DeployClass Name="Android_SplashImage960">
                    <Platform Name="Android">
                        <RemoteDir>res\drawable-xlarge</RemoteDir>
                        <Operation>1</Operation>
                    </Platform>
                </DeployClass>
                <DeployClass Name="DebugSymbols">
                    <Platform Name="iOSSimulator">
                        <Operation>1</Operation>
                    </Platform>
                    <Platform Name="OSX32">
                        <RemoteDir>Contents\MacOS</RemoteDir>
                        <Operation>1</Operation>
                    </Platform>
                    <Platform Name="Win32">
                        <Operation>0</Operation>
                    </Platform>
                </DeployClass>
                <DeployClass Name="DependencyFramework">
                    <Platform Name="OSX32">
                        <RemoteDir>Contents\MacOS</RemoteDir>
                        <Operation>1</Operation>
                        <Extensions>.framework</Extensions>
                    </Platform>
                    <Platform Name="Win32">
                        <Operation>0</Operation>
                    </Platform>
                </DeployClass>
                <DeployClass Name="DependencyModule">
                    <Platform Name="iOSDevice32">
                        <Operation>1</Operation>
                        <Extensions>.dylib</Extensions>
                    </Platform>
                    <Platform Name="iOSDevice64">
                        <Operation>1</Operation>
                        <Extensions>.dylib</Extensions>
                    </Platform>
                    <Platform Name="iOSSimulator">
                        <Operation>1</Operation>
                        <Extensions>.dylib</Extensions>
                    </Platform>
                    <Platform Name="OSX32">
                        <RemoteDir>Contents\MacOS</RemoteDir>
                        <Operation>1</Operation>
                        <Extensions>.dylib</Extensions>
                    </Platform>
                    <Platform Name="Win32">
                        <Operation>0</Operation>
                        <Extensions>.dll;.bpl</Extensions>
                    </Platform>
                </DeployClass>
                <DeployClass Required="true" Name="DependencyPackage">
                    <Platform Name="iOSDevice32">
                        <Operation>1</Operation>
                        <Extensions>.dylib</Extensions>
                    </Platform>
                    <Platform Name="iOSDevice64">
                        <Operation>1</Operation>
                        <Extensions>.dylib</Extensions>
                    </Platform>
                    <Platform Name="iOSSimulator">
                        <Operation>1</Operation>
                        <Extensions>.dylib</Extensions>
                    </Platform>
                    <Platform Name="OSX32">
                        <RemoteDir>Contents\MacOS</RemoteDir>
                        <Operation>1</Operation>
                        <Extensions>.dylib</Extensions>
                    </Platform>
                    <Platform Name="Win32">
                        <Operation>0</Operation>
                        <Extensions>.bpl</Extensions>
                    </Platform>
                </DeployClass>
                <DeployClass Name="File">
                    <Platform Name="Android">
                        <Operation>0</Operation>
                    </Platform>
                    <Platform Name="iOSDevice32">
                        <Operation>0</Operation>
                    </Platform>
                    <Platform Name="iOSDevice64">
                        <Operation>0</Operation>
                    </Platform>
                    <Platform Name="iOSSimulator">
                        <Operation>0</Operation>
                    </Platform>
                    <Platform Name="OSX32">
                        <RemoteDir>Contents\Resources\StartUp\</RemoteDir>
                        <Operation>0</Operation>
                    </Platform>
                    <Platform Name="Win32">
                        <Operation>0</Operation>
                    </Platform>
                </DeployClass>
                <DeployClass Name="iPad_Launch1024">
                    <Platform Name="iOSDevice32">
                        <Operation>1</Operation>
                    </Platform>
                    <Platform Name="iOSDevice64">
                        <Operation>1</Operation>
                    </Platform>
                    <Platform Name="iOSSimulator">
                        <Operation>1</Operation>
                    </Platform>
                </DeployClass>
                <DeployClass Name="iPad_Launch1536">
                    <Platform Name="iOSDevice32">
                        <Operation>1</Operation>
                    </Platform>
                    <Platform Name="iOSDevice64">
                        <Operation>1</Operation>
                    </Platform>
                    <Platform Name="iOSSimulator">
                        <Operation>1</Operation>
                    </Platform>
                </DeployClass>
                <DeployClass Name="iPad_Launch2048">
                    <Platform Name="iOSDevice32">
                        <Operation>1</Operation>
                    </Platform>
                    <Platform Name="iOSDevice64">
                        <Operation>1</Operation>
                    </Platform>
                    <Platform Name="iOSSimulator">
                        <Operation>1</Operation>
                    </Platform>
                </DeployClass>
                <DeployClass Name="iPad_Launch768">
                    <Platform Name="iOSDevice32">
                        <Operation>1</Operation>
                    </Platform>
                    <Platform Name="iOSDevice64">
                        <Operation>1</Operation>
                    </Platform>
                    <Platform Name="iOSSimulator">
                        <Operation>1</Operation>
                    </Platform>
                </DeployClass>
                <DeployClass Name="iPhone_Launch320">
                    <Platform Name="iOSDevice32">
                        <Operation>1</Operation>
                    </Platform>
                    <Platform Name="iOSDevice64">
                        <Operation>1</Operation>
                    </Platform>
                    <Platform Name="iOSSimulator">
                        <Operation>1</Operation>
                    </Platform>
                </DeployClass>
                <DeployClass Name="iPhone_Launch640">
                    <Platform Name="iOSDevice32">
                        <Operation>1</Operation>
                    </Platform>
                    <Platform Name="iOSDevice64">
                        <Operation>1</Operation>
                    </Platform>
                    <Platform Name="iOSSimulator">
                        <Operation>1</Operation>
                    </Platform>
                </DeployClass>
                <DeployClass Name="iPhone_Launch640x1136">
                    <Platform Name="iOSDevice32">
                        <Operation>1</Operation>
                    </Platform>
                    <Platform Name="iOSDevice64">
                        <Operation>1</Operation>
                    </Platform>
                    <Platform Name="iOSSimulator">
                        <Operation>1</Operation>
                    </Platform>
                </DeployClass>
                <DeployClass Name="ProjectAndroidManifest">
                    <Platform Name="Android">
                        <Operation>1</Operation>
                    </Platform>
                </DeployClass>
                <DeployClass Name="ProjectiOSDeviceDebug">
                    <Platform Name="iOSDevice32">
                        <RemoteDir>..\$(PROJECTNAME).app.dSYM\Contents\Resources\DWARF</RemoteDir>
                        <Operation>1</Operation>
                    </Platform>
                    <Platform Name="iOSDevice64">
                        <RemoteDir>..\$(PROJECTNAME).app.dSYM\Contents\Resources\DWARF</RemoteDir>
                        <Operation>1</Operation>
                    </Platform>
                </DeployClass>
                <DeployClass Name="ProjectiOSDeviceResourceRules">
                    <Platform Name="iOSDevice32">
                        <Operation>1</Operation>
                    </Platform>
                    <Platform Name="iOSDevice64">
                        <Operation>1</Operation>
                    </Platform>
                </DeployClass>
                <DeployClass Name="ProjectiOSEntitlements">
                    <Platform Name="iOSDevice32">
                        <RemoteDir>..\</RemoteDir>
                        <Operation>1</Operation>
                    </Platform>
                    <Platform Name="iOSDevice64">
                        <RemoteDir>..\</RemoteDir>
                        <Operation>1</Operation>
                    </Platform>
                </DeployClass>
                <DeployClass Name="ProjectiOSInfoPList">
                    <Platform Name="iOSDevice32">
                        <Operation>1</Operation>
                    </Platform>
                    <Platform Name="iOSDevice64">
                        <Operation>1</Operation>
                    </Platform>
                    <Platform Name="iOSSimulator">
                        <Operation>1</Operation>
                    </Platform>
                </DeployClass>
                <DeployClass Name="ProjectiOSResource">
                    <Platform Name="iOSDevice32">
                        <Operation>1</Operation>
                    </Platform>
                    <Platform Name="iOSDevice64">
                        <Operation>1</Operation>
                    </Platform>
                    <Platform Name="iOSSimulator">
                        <Operation>1</Operation>
                    </Platform>
                </DeployClass>
                <DeployClass Name="ProjectOSXDebug">
                    <Platform Name="OSX64">
                        <RemoteDir>..\$(PROJECTNAME).app.dSYM\Contents\Resources\DWARF</RemoteDir>
                        <Operation>1</Operation>
                    </Platform>
                </DeployClass>
                <DeployClass Name="ProjectOSXEntitlements">
                    <Platform Name="OSX32">
                        <RemoteDir>..\</RemoteDir>
                        <Operation>1</Operation>
                    </Platform>
                </DeployClass>
                <DeployClass Name="ProjectOSXInfoPList">
                    <Platform Name="OSX32">
                        <RemoteDir>Contents</RemoteDir>
                        <Operation>1</Operation>
                    </Platform>
                </DeployClass>
                <DeployClass Name="ProjectOSXResource">
                    <Platform Name="OSX32">
                        <RemoteDir>Contents\Resources</RemoteDir>
                        <Operation>1</Operation>
                    </Platform>
                </DeployClass>
                <DeployClass Required="true" Name="ProjectOutput">
                    <Platform Name="Android">
                        <RemoteDir>library\lib\armeabi-v7a</RemoteDir>
                        <Operation>1</Operation>
                    </Platform>
                    <Platform Name="iOSDevice32">
                        <Operation>1</Operation>
                    </Platform>
                    <Platform Name="iOSDevice64">
                        <Operation>1</Operation>
                    </Platform>
                    <Platform Name="iOSSimulator">
                        <Operation>1</Operation>
                    </Platform>
                    <Platform Name="Linux64">
                        <Operation>1</Operation>
                    </Platform>
                    <Platform Name="OSX32">
                        <RemoteDir>Contents\MacOS</RemoteDir>
                        <Operation>1</Operation>
                    </Platform>
                    <Platform Name="Win32">
                        <Operation>0</Operation>
                    </Platform>
                </DeployClass>
                <DeployClass Name="ProjectUWPManifest">
                    <Platform Name="Win32">
                        <Operation>1</Operation>
                    </Platform>
                    <Platform Name="Win64">
                        <Operation>1</Operation>
                    </Platform>
                </DeployClass>
                <DeployClass Name="UWP_DelphiLogo150">
                    <Platform Name="Win32">
                        <RemoteDir>Assets</RemoteDir>
                        <Operation>1</Operation>
                    </Platform>
                    <Platform Name="Win64">
                        <RemoteDir>Assets</RemoteDir>
                        <Operation>1</Operation>
                    </Platform>
                </DeployClass>
                <DeployClass Name="UWP_DelphiLogo44">
                    <Platform Name="Win32">
                        <RemoteDir>Assets</RemoteDir>
                        <Operation>1</Operation>
                    </Platform>
                    <Platform Name="Win64">
                        <RemoteDir>Assets</RemoteDir>
                        <Operation>1</Operation>
                    </Platform>
                </DeployClass>
                <ProjectRoot Platform="iOSDevice64" Name="$(PROJECTNAME).app"/>
                <ProjectRoot Platform="Win64" Name="$(PROJECTNAME)"/>
                <ProjectRoot Platform="iOSDevice32" Name="$(PROJECTNAME).app"/>
                <ProjectRoot Platform="Linux64" Name="$(PROJECTNAME)"/>
                <ProjectRoot Platform="Win32" Name="$(PROJECTNAME)"/>
                <ProjectRoot Platform="OSX32" Name="$(PROJECTNAME).app"/>
                <ProjectRoot Platform="Android" Name="$(PROJECTNAME)"/>
                <ProjectRoot Platform="OSX64" Name="$(PROJECTNAME).app"/>
                <ProjectRoot Platform="iOSSimulator" Name="$(PROJECTNAME).app"/>
            </Deployment>
            <Platforms>
                <Platform value="Win32">True</Platform>
                <Platform value="Win64">False</Platform>
            </Platforms>
            <ModelSupport>True</ModelSupport>
        </BorlandProject>
        <ProjectFileVersion>12</ProjectFileVersion>
    </ProjectExtensions>
    <Import Project="$(BDS)\Bin\CodeGear.Delphi.Targets" Condition="Exists('$(BDS)\Bin\CodeGear.Delphi.Targets')"/>
    <Import Project="$(APPDATA)\Embarcadero\$(BDSAPPDATABASEDIR)\$(PRODUCTVERSION)\UserTools.proj" Condition="Exists('$(APPDATA)\Embarcadero\$(BDSAPPDATABASEDIR)\$(PRODUCTVERSION)\UserTools.proj')"/>
    <Import Project="$(MSBuildProjectName).deployproj" Condition="Exists('$(MSBuildProjectName).deployproj')"/>
    <PropertyGroup Condition="'$(Config)'=='Debug' And '$(Platform)'=='Win32'">
        <PreBuildEvent/>
        <PreBuildEventIgnoreExitCode>False</PreBuildEventIgnoreExitCode>
        <PreLinkEvent/>
        <PreLinkEventIgnoreExitCode>False</PreLinkEventIgnoreExitCode>
        <PostBuildEvent>if exist &quot;$(BDS)\ObjRepos\en\dsrest\dsPostBuild.bat&quot; ( call &quot;$(BDS)\ObjRepos\en\dsrest\dsPostBuild.bat&quot; &quot;$(PROJECTDIR)&quot; &quot;$(OUTPUTDIR)&quot; )</PostBuildEvent>
        <PostBuildEventIgnoreExitCode>False</PostBuildEventIgnoreExitCode>
    </PropertyGroup>
    <PropertyGroup Condition="'$(Config)'=='Debug' And '$(Platform)'=='Win64'">
        <PreBuildEvent/>
        <PreBuildEventIgnoreExitCode>False</PreBuildEventIgnoreExitCode>
        <PreLinkEvent/>
        <PreLinkEventIgnoreExitCode>False</PreLinkEventIgnoreExitCode>
        <PostBuildEvent>if exist &quot;$(BDS)\ObjRepos\en\dsrest\dsPostBuild.bat&quot; ( call &quot;$(BDS)\ObjRepos\en\dsrest\dsPostBuild.bat&quot; &quot;$(PROJECTDIR)&quot; &quot;$(OUTPUTDIR)&quot; )</PostBuildEvent>
        <PostBuildEventIgnoreExitCode>False</PostBuildEventIgnoreExitCode>
    </PropertyGroup>
    <PropertyGroup Condition="'$(Config)'=='Release' And '$(Platform)'=='Win32'">
        <PreBuildEvent/>
        <PreBuildEventIgnoreExitCode>False</PreBuildEventIgnoreExitCode>
        <PreLinkEvent/>
        <PreLinkEventIgnoreExitCode>False</PreLinkEventIgnoreExitCode>
        <PostBuildEvent>if exist &quot;$(BDS)\ObjRepos\en\dsrest\dsPostBuild.bat&quot; ( call &quot;$(BDS)\ObjRepos\en\dsrest\dsPostBuild.bat&quot; &quot;$(PROJECTDIR)&quot; &quot;$(OUTPUTDIR)&quot; )</PostBuildEvent>
        <PostBuildEventIgnoreExitCode>False</PostBuildEventIgnoreExitCode>
    </PropertyGroup>
    <PropertyGroup Condition="'$(Config)'=='Release' And '$(Platform)'=='Win64'">
        <PreBuildEvent/>
        <PreBuildEventIgnoreExitCode>False</PreBuildEventIgnoreExitCode>
        <PreLinkEvent/>
        <PreLinkEventIgnoreExitCode>False</PreLinkEventIgnoreExitCode>
        <PostBuildEvent>if exist &quot;$(BDS)\ObjRepos\en\dsrest\dsPostBuild.bat&quot; ( call &quot;$(BDS)\ObjRepos\en\dsrest\dsPostBuild.bat&quot; &quot;$(PROJECTDIR)&quot; &quot;$(OUTPUTDIR)&quot; )</PostBuildEvent>
        <PostBuildEventIgnoreExitCode>False</PostBuildEventIgnoreExitCode>
    </PropertyGroup>
</Project>
